
Microsoft Visual Studio Solution File, Format Version 12.00
# Visual Studio Version 17
VisualStudioVersion = 17.13.35806.99
MinimumVisualStudioVersion = 10.0.40219.1
Project("{FAE04EC0-301F-11D3-BF4B-00C04F79EFBC}") = "BorrowingSystem", "BorrowingSystem.WebApi\BorrowingSystem.csproj", "{1B120BD6-71B4-48A6-1E77-EB04764B78F0}"
EndProject
Project("{FAE04EC0-301F-11D3-BF4B-00C04F79EFBC}") = "BorrowingSystem.Tests", "BorrowingSystem.Tests\BorrowingSystem.Tests.csproj", "{C4E7D662-FF80-021D-1E7D-8DADA9B4A74F}"
EndProject
Global
	GlobalSection(SolutionConfigurationPlatforms) = preSolution
		Debug|Any CPU = Debug|Any CPU
		Release|Any CPU = Release|Any CPU
	EndGlobalSection
	GlobalSection(ProjectConfigurationPlatforms) = postSolution
		{1B120BD6-71B4-48A6-1E77-EB04764B78F0}.Debug|Any CPU.ActiveCfg = Debug|Any CPU
		{1B120BD6-71B4-48A6-1E77-EB04764B78F0}.Debug|Any CPU.Build.0 = Debug|Any CPU
		{1B120BD6-71B4-48A6-1E77-EB04764B78F0}.Release|Any CPU.ActiveCfg = Release|Any CPU
		{1B120BD6-71B4-48A6-1E77-EB04764B78F0}.Release|Any CPU.Build.0 = Release|Any CPU
		{C4E7D662-FF80-021D-1E7D-8DADA9B4A74F}.Debug|Any CPU.ActiveCfg = Debug|Any CPU
		{C4E7D662-FF80-021D-1E7D-8DADA9B4A74F}.Debug|Any CPU.Build.0 = Debug|Any CPU
		{C4E7D662-FF80-021D-1E7D-8DADA9B4A74F}.Release|Any CPU.ActiveCfg = Release|Any CPU
		{C4E7D662-FF80-021D-1E7D-8DADA9B4A74F}.Release|Any CPU.Build.0 = Release|Any CPU
	EndGlobalSection
	GlobalSection(SolutionProperties) = preSolution
		HideSolutionNode = FALSE
	EndGlobalSection
	GlobalSection(ExtensibilityGlobals) = postSolution
		SolutionGuid = {FCE81F9E-E3AF-4AD0-ABE4-1F85EB11E287}
	EndGlobalSection
EndGlobal
